
Microsoft Visual Studio Solution File, Format Version 12.00
# Visual Studio Version 17
VisualStudioVersion = 17.11.35222.181
MinimumVisualStudioVersion = 10.0.40219.1
Project("{FAE04EC0-301F-11D3-BF4B-00C04F79EFBC}") = "Es01_02_ListaStudenti", "Es01_02_ListaStudenti\Es01_02_ListaStudenti.csproj", "{F1629888-00ED-443F-8C2D-FE4874D9B803}"
EndProject
Global
	GlobalSection(SolutionConfigurationPlatforms) = preSolution
		Debug|Any CPU = Debug|Any CPU
		Release|Any CPU = Release|Any CPU
	EndGlobalSection
	GlobalSection(ProjectConfigurationPlatforms) = postSolution
		{F1629888-00ED-443F-8C2D-FE4874D9B803}.Debug|Any CPU.ActiveCfg = Debug|Any CPU
		{F1629888-00ED-443F-8C2D-FE4874D9B803}.Debug|Any CPU.Build.0 = Debug|Any CPU
		{F1629888-00ED-443F-8C2D-FE4874D9B803}.Release|Any CPU.ActiveCfg = Release|Any CPU
		{F1629888-00ED-443F-8C2D-FE4874D9B803}.Release|Any CPU.Build.0 = Release|Any CPU
	EndGlobalSection
	GlobalSection(SolutionProperties) = preSolution
		HideSolutionNode = FALSE
	EndGlobalSection
	GlobalSection(ExtensibilityGlobals) = postSolution
		SolutionGuid = {F2BEA8B9-64E3-47BC-A6CC-1195BC254FB7}
	EndGlobalSection
EndGlobal
