
Microsoft Visual Studio Solution File, Format Version 12.00
# Visual Studio Version 17
VisualStudioVersion = 17.11.35222.181
MinimumVisualStudioVersion = 10.0.40219.1
Project("{FAE04EC0-301F-11D3-BF4B-00C04F79EFBC}") = "Es01_CorrezioneGestioneStudenti", "Es01_CorrezioneGestioneStudenti\Es01_CorrezioneGestioneStudenti.csproj", "{457E45C3-3CCA-42CE-99A1-61F1E7D4723B}"
EndProject
Global
	GlobalSection(SolutionConfigurationPlatforms) = preSolution
		Debug|Any CPU = Debug|Any CPU
		Release|Any CPU = Release|Any CPU
	EndGlobalSection
	GlobalSection(ProjectConfigurationPlatforms) = postSolution
		{457E45C3-3CCA-42CE-99A1-61F1E7D4723B}.Debug|Any CPU.ActiveCfg = Debug|Any CPU
		{457E45C3-3CCA-42CE-99A1-61F1E7D4723B}.Debug|Any CPU.Build.0 = Debug|Any CPU
		{457E45C3-3CCA-42CE-99A1-61F1E7D4723B}.Release|Any CPU.ActiveCfg = Release|Any CPU
		{457E45C3-3CCA-42CE-99A1-61F1E7D4723B}.Release|Any CPU.Build.0 = Release|Any CPU
	EndGlobalSection
	GlobalSection(SolutionProperties) = preSolution
		HideSolutionNode = FALSE
	EndGlobalSection
	GlobalSection(ExtensibilityGlobals) = postSolution
		SolutionGuid = {2B65AD09-A18F-4553-AB39-0258C063E432}
	EndGlobalSection
EndGlobal
